
Microsoft Visual Studio Solution File, Format Version 12.00
# Visual Studio Version 17
VisualStudioVersion = 17.0.31903.59
MinimumVisualStudioVersion = 10.0.40219.1
Project("{FAE04EC0-301F-11D3-BF4B-00C04F79EFBC}") = "Singleton", "Singleton\Singleton.csproj", "{DD2C2861-83EE-458C-AD6A-49C392031B3D}"
EndProject
Project("{FAE04EC0-301F-11D3-BF4B-00C04F79EFBC}") = "FactoryMethod", "FactoryMethod\FactoryMethod.csproj", "{47B26ABE-2A5E-42BC-991C-1D4CE44026C1}"
EndProject
Project("{FAE04EC0-301F-11D3-BF4B-00C04F79EFBC}") = "AbstractFactory", "AbstractFactory\AbstractFactory.csproj", "{BC9CB678-27CE-4E93-BEFB-433D327C7449}"
EndProject
Project("{FAE04EC0-301F-11D3-BF4B-00C04F79EFBC}") = "Builder", "Builder\Builder.csproj", "{569CAACC-95B7-4048-9700-8C9E5120756B}"
EndProject
Project("{FAE04EC0-301F-11D3-BF4B-00C04F79EFBC}") = "Prototype", "Prototype\Prototype.csproj", "{C32C719E-B2C8-4E33-B01D-E96B188FB791}"
EndProject
Project("{FAE04EC0-301F-11D3-BF4B-00C04F79EFBC}") = "Adapter", "Adapter\Adapter.csproj", "{B300E54A-7E36-478B-A760-DCAD2BC4D262}"
EndProject
Project("{FAE04EC0-301F-11D3-BF4B-00C04F79EFBC}") = "Bridge", "Bridge\Bridge.csproj", "{9A202278-A2C2-497D-B5BD-F0F410988D08}"
EndProject
Project("{FAE04EC0-301F-11D3-BF4B-00C04F79EFBC}") = "Decorator", "Decorator\Decorator.csproj", "{AE540AEA-1D4A-480B-BE0D-D63044764330}"
EndProject
Project("{FAE04EC0-301F-11D3-BF4B-00C04F79EFBC}") = "Composite", "Composite\Composite.csproj", "{1B1A77E8-E9EB-4842-B775-B663C622B27E}"
EndProject
Project("{FAE04EC0-301F-11D3-BF4B-00C04F79EFBC}") = "Facade", "Facade\Facade.csproj", "{FC16F0BC-90A9-4895-910B-97E0C429D50C}"
EndProject
Project("{FAE04EC0-301F-11D3-BF4B-00C04F79EFBC}") = "Proxy", "Proxy\Proxy.csproj", "{58F994ED-6AC4-4C1C-B772-2F94DEE9A687}"
EndProject
Project("{FAE04EC0-301F-11D3-BF4B-00C04F79EFBC}") = "Flyweight", "Flyweight\Flyweight.csproj", "{6B330B31-3B4C-465D-9CA3-F604144F77EB}"
EndProject
Project("{FAE04EC0-301F-11D3-BF4B-00C04F79EFBC}") = "Template", "Template\Template.csproj", "{A0B518CE-0293-4A28-AE54-49597A5EFFC6}"
EndProject
Project("{FAE04EC0-301F-11D3-BF4B-00C04F79EFBC}") = "Strategy", "Strategy\Strategy.csproj", "{BA685A33-502D-4D74-ABC1-BD2446C533B7}"
EndProject
Global
	GlobalSection(SolutionConfigurationPlatforms) = preSolution
		Debug|Any CPU = Debug|Any CPU
		Release|Any CPU = Release|Any CPU
	EndGlobalSection
	GlobalSection(SolutionProperties) = preSolution
		HideSolutionNode = FALSE
	EndGlobalSection
	GlobalSection(ProjectConfigurationPlatforms) = postSolution
		{DD2C2861-83EE-458C-AD6A-49C392031B3D}.Debug|Any CPU.ActiveCfg = Debug|Any CPU
		{DD2C2861-83EE-458C-AD6A-49C392031B3D}.Debug|Any CPU.Build.0 = Debug|Any CPU
		{DD2C2861-83EE-458C-AD6A-49C392031B3D}.Release|Any CPU.ActiveCfg = Release|Any CPU
		{DD2C2861-83EE-458C-AD6A-49C392031B3D}.Release|Any CPU.Build.0 = Release|Any CPU
		{47B26ABE-2A5E-42BC-991C-1D4CE44026C1}.Debug|Any CPU.ActiveCfg = Debug|Any CPU
		{47B26ABE-2A5E-42BC-991C-1D4CE44026C1}.Debug|Any CPU.Build.0 = Debug|Any CPU
		{47B26ABE-2A5E-42BC-991C-1D4CE44026C1}.Release|Any CPU.ActiveCfg = Release|Any CPU
		{47B26ABE-2A5E-42BC-991C-1D4CE44026C1}.Release|Any CPU.Build.0 = Release|Any CPU
		{BC9CB678-27CE-4E93-BEFB-433D327C7449}.Debug|Any CPU.ActiveCfg = Debug|Any CPU
		{BC9CB678-27CE-4E93-BEFB-433D327C7449}.Debug|Any CPU.Build.0 = Debug|Any CPU
		{BC9CB678-27CE-4E93-BEFB-433D327C7449}.Release|Any CPU.ActiveCfg = Release|Any CPU
		{BC9CB678-27CE-4E93-BEFB-433D327C7449}.Release|Any CPU.Build.0 = Release|Any CPU
		{569CAACC-95B7-4048-9700-8C9E5120756B}.Debug|Any CPU.ActiveCfg = Debug|Any CPU
		{569CAACC-95B7-4048-9700-8C9E5120756B}.Debug|Any CPU.Build.0 = Debug|Any CPU
		{569CAACC-95B7-4048-9700-8C9E5120756B}.Release|Any CPU.ActiveCfg = Release|Any CPU
		{569CAACC-95B7-4048-9700-8C9E5120756B}.Release|Any CPU.Build.0 = Release|Any CPU
		{C32C719E-B2C8-4E33-B01D-E96B188FB791}.Debug|Any CPU.ActiveCfg = Debug|Any CPU
		{C32C719E-B2C8-4E33-B01D-E96B188FB791}.Debug|Any CPU.Build.0 = Debug|Any CPU
		{C32C719E-B2C8-4E33-B01D-E96B188FB791}.Release|Any CPU.ActiveCfg = Release|Any CPU
		{C32C719E-B2C8-4E33-B01D-E96B188FB791}.Release|Any CPU.Build.0 = Release|Any CPU
		{B300E54A-7E36-478B-A760-DCAD2BC4D262}.Debug|Any CPU.ActiveCfg = Debug|Any CPU
		{B300E54A-7E36-478B-A760-DCAD2BC4D262}.Debug|Any CPU.Build.0 = Debug|Any CPU
		{B300E54A-7E36-478B-A760-DCAD2BC4D262}.Release|Any CPU.ActiveCfg = Release|Any CPU
		{B300E54A-7E36-478B-A760-DCAD2BC4D262}.Release|Any CPU.Build.0 = Release|Any CPU
		{9A202278-A2C2-497D-B5BD-F0F410988D08}.Debug|Any CPU.ActiveCfg = Debug|Any CPU
		{9A202278-A2C2-497D-B5BD-F0F410988D08}.Debug|Any CPU.Build.0 = Debug|Any CPU
		{9A202278-A2C2-497D-B5BD-F0F410988D08}.Release|Any CPU.ActiveCfg = Release|Any CPU
		{9A202278-A2C2-497D-B5BD-F0F410988D08}.Release|Any CPU.Build.0 = Release|Any CPU
		{AE540AEA-1D4A-480B-BE0D-D63044764330}.Debug|Any CPU.ActiveCfg = Debug|Any CPU
		{AE540AEA-1D4A-480B-BE0D-D63044764330}.Debug|Any CPU.Build.0 = Debug|Any CPU
		{AE540AEA-1D4A-480B-BE0D-D63044764330}.Release|Any CPU.ActiveCfg = Release|Any CPU
		{AE540AEA-1D4A-480B-BE0D-D63044764330}.Release|Any CPU.Build.0 = Release|Any CPU
		{1B1A77E8-E9EB-4842-B775-B663C622B27E}.Debug|Any CPU.ActiveCfg = Debug|Any CPU
		{1B1A77E8-E9EB-4842-B775-B663C622B27E}.Debug|Any CPU.Build.0 = Debug|Any CPU
		{1B1A77E8-E9EB-4842-B775-B663C622B27E}.Release|Any CPU.ActiveCfg = Release|Any CPU
		{1B1A77E8-E9EB-4842-B775-B663C622B27E}.Release|Any CPU.Build.0 = Release|Any CPU
		{FC16F0BC-90A9-4895-910B-97E0C429D50C}.Debug|Any CPU.ActiveCfg = Debug|Any CPU
		{FC16F0BC-90A9-4895-910B-97E0C429D50C}.Debug|Any CPU.Build.0 = Debug|Any CPU
		{FC16F0BC-90A9-4895-910B-97E0C429D50C}.Release|Any CPU.ActiveCfg = Release|Any CPU
		{FC16F0BC-90A9-4895-910B-97E0C429D50C}.Release|Any CPU.Build.0 = Release|Any CPU
		{58F994ED-6AC4-4C1C-B772-2F94DEE9A687}.Debug|Any CPU.ActiveCfg = Debug|Any CPU
		{58F994ED-6AC4-4C1C-B772-2F94DEE9A687}.Debug|Any CPU.Build.0 = Debug|Any CPU
		{58F994ED-6AC4-4C1C-B772-2F94DEE9A687}.Release|Any CPU.ActiveCfg = Release|Any CPU
		{58F994ED-6AC4-4C1C-B772-2F94DEE9A687}.Release|Any CPU.Build.0 = Release|Any CPU
		{6B330B31-3B4C-465D-9CA3-F604144F77EB}.Debug|Any CPU.ActiveCfg = Debug|Any CPU
		{6B330B31-3B4C-465D-9CA3-F604144F77EB}.Debug|Any CPU.Build.0 = Debug|Any CPU
		{6B330B31-3B4C-465D-9CA3-F604144F77EB}.Release|Any CPU.ActiveCfg = Release|Any CPU
		{6B330B31-3B4C-465D-9CA3-F604144F77EB}.Release|Any CPU.Build.0 = Release|Any CPU
		{A0B518CE-0293-4A28-AE54-49597A5EFFC6}.Debug|Any CPU.ActiveCfg = Debug|Any CPU
		{A0B518CE-0293-4A28-AE54-49597A5EFFC6}.Debug|Any CPU.Build.0 = Debug|Any CPU
		{A0B518CE-0293-4A28-AE54-49597A5EFFC6}.Release|Any CPU.ActiveCfg = Release|Any CPU
		{A0B518CE-0293-4A28-AE54-49597A5EFFC6}.Release|Any CPU.Build.0 = Release|Any CPU
		{BA685A33-502D-4D74-ABC1-BD2446C533B7}.Debug|Any CPU.ActiveCfg = Debug|Any CPU
		{BA685A33-502D-4D74-ABC1-BD2446C533B7}.Debug|Any CPU.Build.0 = Debug|Any CPU
		{BA685A33-502D-4D74-ABC1-BD2446C533B7}.Release|Any CPU.ActiveCfg = Release|Any CPU
		{BA685A33-502D-4D74-ABC1-BD2446C533B7}.Release|Any CPU.Build.0 = Release|Any CPU
	EndGlobalSection
EndGlobal
